<?xml version="1.0" encoding="utf-8"?>
<Project ToolsVersion="4.0" xmlns="http://schemas.microsoft.com/developer/msbuild/2003">
  <ItemGroup>
    <Filter Include="DynWAPI">
      <UniqueIdentifier>{f9765e8f-e154-418b-9cb2-06ad0c5095d9}</UniqueIdentifier>
    </Filter>
  </ItemGroup>
  <ItemGroup>
    <ClCompile Include="main.cpp" />
    <ClCompile Include="DynWAPI.cpp">
      <Filter>DynWAPI</Filter>
    </ClCompile>
  </ItemGroup>
  <ItemGroup>
    <ClInclude Include="DynWAPI.h">
      <Filter>DynWAPI</Filter>
    </ClInclude>
    <ClInclude Include="signatureFunc.h" />
    <ClInclude Include="Utils.h" />
  </ItemGroup>
</Project>